
Microsoft Visual Studio Solution File, Format Version 12.00
# Visual Studio Version 17
VisualStudioVersion = 17.9.34723.18
MinimumVisualStudioVersion = 10.0.40219.1
Project("{FAE04EC0-301F-11D3-BF4B-00C04F79EFBC}") = "BlazorApp", "BlazorApp\BlazorApp.csproj", "{4C9DA6CA-6767-4AB2-81B8-E1F178F9773B}"
EndProject
Global
	GlobalSection(SolutionConfigurationPlatforms) = preSolution
		Debug|Any CPU = Debug|Any CPU
		Release|Any CPU = Release|Any CPU
	EndGlobalSection
	GlobalSection(ProjectConfigurationPlatforms) = postSolution
		{4C9DA6CA-6767-4AB2-81B8-E1F178F9773B}.Debug|Any CPU.ActiveCfg = Debug|Any CPU
		{4C9DA6CA-6767-4AB2-81B8-E1F178F9773B}.Debug|Any CPU.Build.0 = Debug|Any CPU
		{4C9DA6CA-6767-4AB2-81B8-E1F178F9773B}.Release|Any CPU.ActiveCfg = Release|Any CPU
		{4C9DA6CA-6767-4AB2-81B8-E1F178F9773B}.Release|Any CPU.Build.0 = Release|Any CPU
	EndGlobalSection
	GlobalSection(SolutionProperties) = preSolution
		HideSolutionNode = FALSE
	EndGlobalSection
	GlobalSection(ExtensibilityGlobals) = postSolution
		SolutionGuid = {4ABA2C1C-224E-444A-8A02-05DA51CB75ED}
	EndGlobalSection
EndGlobal
